# This file is automatically @generated by Cargo.
# It is not intended for manual editing.
version = 3

[[package]]
name = "aoc2023"
version = "0.1.0"
dependencies = [
 "multiset",
]

[[package]]
name = "multiset"
version = "0.0.5"
source = "registry+https://github.com/rust-lang/crates.io-index"
checksum = "ce8738c9ddd350996cb8b8b718192851df960803764bcdaa3afb44a63b1ddb5c"
